
Microsoft Visual Studio Solution File, Format Version 12.00
# Visual Studio 15
VisualStudioVersion = 15.0.27703.2000
MinimumVisualStudioVersion = 10.0.40219.1
Project("{FAE04EC0-301F-11D3-BF4B-00C04F79EFBC}") = "SimpleAsync", "SimpleAsync\SimpleAsync.csproj", "{9761FDCC-32BA-494E-8BE3-5F5AF9700A6B}"
EndProject
Global
	GlobalSection(SolutionConfigurationPlatforms) = preSolution
		Debug|Any CPU = Debug|Any CPU
		Release|Any CPU = Release|Any CPU
	EndGlobalSection
	GlobalSection(ProjectConfigurationPlatforms) = postSolution
		{9761FDCC-32BA-494E-8BE3-5F5AF9700A6B}.Debug|Any CPU.ActiveCfg = Debug|Any CPU
		{9761FDCC-32BA-494E-8BE3-5F5AF9700A6B}.Debug|Any CPU.Build.0 = Debug|Any CPU
		{9761FDCC-32BA-494E-8BE3-5F5AF9700A6B}.Release|Any CPU.ActiveCfg = Release|Any CPU
		{9761FDCC-32BA-494E-8BE3-5F5AF9700A6B}.Release|Any CPU.Build.0 = Release|Any CPU
	EndGlobalSection
	GlobalSection(SolutionProperties) = preSolution
		HideSolutionNode = FALSE
	EndGlobalSection
	GlobalSection(ExtensibilityGlobals) = postSolution
		SolutionGuid = {F6C82EA9-E363-4616-9957-557A0D25E426}
	EndGlobalSection
EndGlobal
